
Microsoft Visual Studio Solution File, Format Version 12.00
# Visual Studio Version 16
VisualStudioVersion = 16.0.31019.35
MinimumVisualStudioVersion = 10.0.40219.1
Project("{9A19103F-16F7-4668-BE54-9A1E7A4F7556}") = "Proteo5.HL", "Proteo5.HL.csproj", "{4825D71D-9CB6-44F2-922C-CE9AB1BFFD76}"
EndProject
Global
	GlobalSection(SolutionConfigurationPlatforms) = preSolution
		Debug|Any CPU = Debug|Any CPU
		Release|Any CPU = Release|Any CPU
	EndGlobalSection
	GlobalSection(ProjectConfigurationPlatforms) = postSolution
		{4825D71D-9CB6-44F2-922C-CE9AB1BFFD76}.Debug|Any CPU.ActiveCfg = Debug|Any CPU
		{4825D71D-9CB6-44F2-922C-CE9AB1BFFD76}.Debug|Any CPU.Build.0 = Debug|Any CPU
		{4825D71D-9CB6-44F2-922C-CE9AB1BFFD76}.Release|Any CPU.ActiveCfg = Release|Any CPU
		{4825D71D-9CB6-44F2-922C-CE9AB1BFFD76}.Release|Any CPU.Build.0 = Release|Any CPU
	EndGlobalSection
	GlobalSection(SolutionProperties) = preSolution
		HideSolutionNode = FALSE
	EndGlobalSection
	GlobalSection(ExtensibilityGlobals) = postSolution
		SolutionGuid = {3876D340-5CAA-484E-B52B-A01BD5AF0015}
	EndGlobalSection
EndGlobal
